
Microsoft Visual Studio Solution File, Format Version 12.00
# Visual Studio Version 16
VisualStudioVersion = 16.0.29728.190
MinimumVisualStudioVersion = 10.0.40219.1
Project("{FAE04EC0-301F-11D3-BF4B-00C04F79EFBC}") = "Calculator", "Calculator\Calculator.csproj", "{9476D207-6164-447F-A579-1BB2E6E22326}"
EndProject
Global
	GlobalSection(SolutionConfigurationPlatforms) = preSolution
		Debug|Any CPU = Debug|Any CPU
		Release|Any CPU = Release|Any CPU
	EndGlobalSection
	GlobalSection(ProjectConfigurationPlatforms) = postSolution
		{9476D207-6164-447F-A579-1BB2E6E22326}.Debug|Any CPU.ActiveCfg = Debug|Any CPU
		{9476D207-6164-447F-A579-1BB2E6E22326}.Debug|Any CPU.Build.0 = Debug|Any CPU
		{9476D207-6164-447F-A579-1BB2E6E22326}.Release|Any CPU.ActiveCfg = Release|Any CPU
		{9476D207-6164-447F-A579-1BB2E6E22326}.Release|Any CPU.Build.0 = Release|Any CPU
	EndGlobalSection
	GlobalSection(SolutionProperties) = preSolution
		HideSolutionNode = FALSE
	EndGlobalSection
	GlobalSection(ExtensibilityGlobals) = postSolution
		SolutionGuid = {EE5D19DC-726E-4971-B502-CA6E01E2E0F6}
	EndGlobalSection
EndGlobal
